github.com/davecgh/go-spew v1.1.1 h1:vj9j/u1bqnvCEfJOwUhtlOARqs3+rkHYY13jYWTU97c=
github.com/davecgh/go-spew v1.1.1/go.mod h1:J7Y8YcW2NihsgmVo/mv3lAwl/skON4iLHjSsI+c5H38=
github.com/fsnotify/fsnotify v1.8.0 h1:dAwr6QBTBZIkG8roQaJjGof0pp0EeF+tNV7YBP3F/8M=
github.com/fsnotify/fsnotify v1.8.0/go.mod h1:8jBTzvmWwFyi3Pb8djgCCO5IBqzKJ/Jwo8TRcHyHii0=
github.com/hashicorp/hcl v1.0.0 h1:0Anlzjpi4vEasTeNFn2mLJgTSwt0+6sfsiTG8qcWGx4=
github.com/hashicorp/hcl v1.0.0/go.mod h1:E5yfLk+7swimpb2L/Alb/PJmXilQ/rhwaUYs4T20WEQ=
github.com/hedzr/cmdr/v2 v2.0.11 h1:96Vs4lh1kW4v5CeNuuEZt7w2I71HVSCnbPF5kSl4XaQ=
github.com/hedzr/cmdr/v2 v2.0.11/go.mod h1:zTWJjJ1bBHG6Zm9+WECa7niYWlmN1wde9p/bA80Fku4=
github.com/hedzr/evendeep v1.2.7 h1:/TJWwPfTbSsDgaPLl/3nXkCJB1G8Nh0W909Y9BmdA/o=
github.com/hedzr/evendeep v1.2.7/go.mod h1:xuD5lh4Uj+s7trrxxeLu8y+5iKiapJDGFy6UDafSDT8=
github.com/hedzr/is v0.6.2 h1:dZaeelVBKJIdDOqJzOA6qG7lE83xoMqMKlGdQ1hROZo=
github.com/hedzr/is v0.6.2/go.mod h1:xBfXsyXVnxBpq8dYy2zKjex/ErTCpaFVB+j8JDvGTYY=
github.com/hedzr/logg v0.7.15 h1:N6TINDwZ9QNujRTVJs1apgbS1nsnt3CqefH5GzRKd5I=
github.com/hedzr/logg v0.7.15/go.mod h1:AOrqw69UzVxeS1r32hiZC8kCthniPtMBe/CUHnLQqLA=
github.com/hedzr/store v1.2.1 h1:vCyDSuzwbzXb1c/3peskLCRclOawPxN650J0+vvsXJE=
github.com/hedzr/store v1.2.1/go.mod h1:MVBzfCDrQCYwMRVS/4FzINGKedqMiizAXby5StoWRJQ=
github.com/hedzr/store/codecs/hcl v1.2.1 h1:aU+bci5E+WYE15E7uJzcIhbtizCAnEFmdr9OyMlBrnU=
github.com/hedzr/store/codecs/hcl v1.2.1/go.mod h1:Dd9Exp+JUhUz0Df6VOqCzIW/lpRXeGV0g3IEWfuq4ZI=
github.com/hedzr/store/codecs/hjson v1.2.1 h1:53P9zS6XGULwt0ebCrDs/UlZEecgYiDVF/jpBXyDASY=
github.com/hedzr/store/codecs/hjson v1.2.1/go.mod h1:VXSma0AeB2I33SvmOaaaDYP3uahsmLzzkF/DgxHNhDo=
github.com/hedzr/store/codecs/json v1.2.1 h1:Z8iIpk14XgT9jAOUGPYheSLDdYB4Qh5dEOCf7zXWZ0s=
github.com/hedzr/store/codecs/json v1.2.1/go.mod h1:2ops2o0Crc8SMBrmLqqpxET+PVWsYhYFCS8uW70W1p4=
github.com/hedzr/store/codecs/nestext v1.2.1 h1:iP7H6gLZ0b4ens0qWPR0cIg1pHPSH0I9NQkB7MDL7uA=
github.com/hedzr/store/codecs/nestext v1.2.1/go.mod h1:6qCVXYjNKxhxpPwdV9r6uzids8uJagJ0LUbWh2lFO0Q=
github.com/hedzr/store/codecs/toml v1.2.1 h1:efm4GmomJw6+2YbVDvCX0qYAmzdGRh790tpO1HxQ4BI=
github.com/hedzr/store/codecs/toml v1.2.1/go.mod h1:gY1mCHekOAZX5WdXpiXSkGXG0R8Q/g8JcmTi1jedIyY=
github.com/hedzr/store/codecs/yaml v1.2.1 h1:IVfC10r+lsjaJIkg3LRZ4ratFEVlhXm7uAn41m+vImk=
github.com/hedzr/store/codecs/yaml v1.2.1/go.mod h1:l6SgQJQ0Rc9MoMqSTUFiwAes85wrHZjjEY0GEEGz/uo=
github.com/hedzr/store/providers/env v1.2.1 h1:GZC0yJ786+mDNaMfIRXxbl2sUJWWq3B2xdAyZS9NOCM=
github.com/hedzr/store/providers/env v1.2.1/go.mod h1:tGafobAaq/k6DrLT3xR5qwXZK2Akd5FGRH54T5ijIwo=
github.com/hedzr/store/providers/file v1.2.1 h1:UtsFebDKrjrrMidjY7In7X7UBy0vJnCc/opjAeSqLLo=
github.com/hedzr/store/providers/file v1.2.1/go.mod h1:/NupXy+vHSe5gdflat/wiBIWwfYIHI/tBYwQjf9LG6I=
github.com/hjson/hjson-go/v4 v4.4.0 h1:D/NPvqOCH6/eisTb5/ztuIS8GUvmpHaLOcNk1Bjr298=
github.com/hjson/hjson-go/v4 v4.4.0/go.mod h1:KaYt3bTw3zhBjYqnXkYywcYctk0A2nxeEFTse3rH13E=
github.com/npillmayer/nestext v0.1.3 h1:2dkbzJ5xMcyJW5b8wwrX+nnRNvf/Nn1KwGhIauGyE2E=
github.com/npillmayer/nestext v0.1.3/go.mod h1:h2lrijH8jpicr25dFY+oAJLyzlya6jhnuG+zWp9L0Uk=
github.com/pelletier/go-toml/v2 v2.2.3 h1:YmeHyLY8mFWbdkNWwpr+qIL2bEqT0o95WSdkNHvL12M=
github.com/pelletier/go-toml/v2 v2.2.3/go.mod h1:MfCQTFTvCcUyyvvwm1+G6H/jORL20Xlb6rzQu9GuUkc=
github.com/pmezard/go-difflib v1.0.0 h1:4DBwDE0NGyQoBHbLQYPwSUPoCMWR5BEzIk/f1lZbAQM=
github.com/pmezard/go-difflib v1.0.0/go.mod h1:iKH77koFhYxTK1pcRnkKkqfTogsbg7gZNVY4sRDYZ/4=
github.com/stretchr/testify v1.9.0 h1:HtqpIVDClZ4nwg75+f6Lvsy/wHu+3BoSGCbBAcpTsTg=
github.com/stretchr/testify v1.9.0/go.mod h1:r2ic/lqez/lEtzL7wO/rwa5dbSLXVDPFyf8C91i36aY=
golang.org/x/crypto v0.29.0 h1:L5SG1JTTXupVV3n6sUqMTeWbjAyfPwoda2DLX8J8FrQ=
golang.org/x/crypto v0.29.0/go.mod h1:+F4F4N5hv6v38hfeYwTdx20oUvLLc+QfrE9Ax9HtgRg=
golang.org/x/exp v0.0.0-20241108190413-2d47ceb2692f h1:XdNn9LlyWAhLVp6P/i8QYBW+hlyhrhei9uErw2B5GJo=
golang.org/x/exp v0.0.0-20241108190413-2d47ceb2692f/go.mod h1:D5SMRVC3C2/4+F/DB1wZsLRnSNimn2Sp/NPsCrsv8ak=
golang.org/x/net v0.31.0 h1:68CPQngjLL0r2AlUKiSxtQFKvzRVbnzLwMUn5SzcLHo=
golang.org/x/net v0.31.0/go.mod h1:P4fl1q7dY2hnZFxEk4pPSkDHF+QqjitcnDjUQyMM+pM=
golang.org/x/sys v0.27.0 h1:wBqf8DvsY9Y/2P8gAfPDEYNuS30J4lPHJxXSb/nJZ+s=
golang.org/x/sys v0.27.0/go.mod h1:/VUhepiaJMQUp4+oa/7Zr1D23ma6VTLIYjOOTFZPUcA=
golang.org/x/term v0.26.0 h1:WEQa6V3Gja/BhNxg540hBip/kkaYtRg3cxg4oXSw4AU=
golang.org/x/term v0.26.0/go.mod h1:Si5m1o57C5nBNQo5z1iq+XDijt21BDBDp2bK0QI8e3E=
gopkg.in/check.v1 v0.0.0-20161208181325-20d25e280405 h1:yhCVgyC4o1eVCa2tZl7eS0r+SDo693bJlVdllGtEeKM=
gopkg.in/check.v1 v0.0.0-20161208181325-20d25e280405/go.mod h1:Co6ibVJAznAaIkqp8huTwlJQCZ016jof/cbN4VW5Yz0=
gopkg.in/hedzr/errors.v3 v3.3.5 h1:bF4ijq4PAjwjCB8s7nWf2cjqo/yp6afNuQMC2SnX7t8=
gopkg.in/hedzr/errors.v3 v3.3.5/go.mod h1:UwtyepqtGTIAmdZGSc7wxXT5Gfd/BjcfRMhPpxwkJM4=
gopkg.in/yaml.v3 v3.0.1 h1:fxVm/GzAzEWqLHuvctI91KS9hhNmmWOoWu0XTYJS7CA=
gopkg.in/yaml.v3 v3.0.1/go.mod h1:K4uyk7z7BCEPqu6E+C64Yfv1cQ7kz7rIZviUmN+EgEM=
